<?xml version="1.0" encoding="UTF-8"?>
<CONFIG>
  <ProjectOptions>
    <Version Value="12"/>
    <General>
      <Flags>
        <LRSInOutputDirectory Value="False"/>
        <CompatibilityMode Value="True"/>
      </Flags>
      <SessionStorage Value="InProjectDir"/>
      <Title Value="Yadd2Map"/>
      <Icon Value="0"/>
    </General>
    <BuildModes Count="2">
      <Item1 Name="Debug" Default="True"/>
      <Item2 Name="Release">
        <CompilerOptions>
          <Version Value="11"/>
          <Target>
            <Filename Value="yadd2map"/>
          </Target>
          <SearchPaths>
            <OtherUnitFiles Value="actions"/>
            <SrcPath Value="$(LazarusDir)/lcl;$(LazarusDir)/lcl/interfaces/$(LCLWidgetType)"/>
          </SearchPaths>
          <Parsing>
            <SyntaxOptions>
              <UseAnsiStrings Value="False"/>
            </SyntaxOptions>
          </Parsing>
          <CodeGeneration>
            <SmartLinkUnit Value="True"/>
            <Optimizations>
              <OptimizationLevel Value="3"/>
            </Optimizations>
          </CodeGeneration>
          <Linking>
            <Debugging>
              <GenerateDebugInfo Value="False"/>
              <DebugInfoType Value="dsDwarf2Set"/>
              <UseLineInfoUnit Value="False"/>
              <StripSymbols Value="True"/>
            </Debugging>
            <LinkSmart Value="True"/>
            <Options>
              <Win32>
                <GraphicApplication Value="True"/>
              </Win32>
            </Options>
          </Linking>
        </CompilerOptions>
      </Item2>
    </BuildModes>
    <PublishOptions>
      <Version Value="2"/>
    </PublishOptions>
    <RunParams>
      <local>
        <LaunchingApplication PathPlusParams="/usr/X11R6/bin/xterm -T &apos;Lazarus Run Output&apos; -e $(LazarusDir)/tools/runwait.sh $(TargetCmdLine)"/>
      </local>
      <FormatVersion Value="2"/>
      <Modes Count="1">
        <Mode0 Name="default">
          <local>
            <LaunchingApplication PathPlusParams="/usr/X11R6/bin/xterm -T &apos;Lazarus Run Output&apos; -e $(LazarusDir)/tools/runwait.sh $(TargetCmdLine)"/>
          </local>
        </Mode0>
      </Modes>
    </RunParams>
    <RequiredPackages Count="10">
      <Item1>
        <PackageName Value="KControlsLaz"/>
      </Item1>
      <Item2>
        <PackageName Value="BrookDT"/>
      </Item2>
      <Item3>
        <PackageName Value="BrookRT"/>
      </Item3>
      <Item4>
        <PackageName Value="jujiboutils"/>
      </Item4>
      <Item5>
        <PackageName Value="zcomponent"/>
      </Item5>
      <Item6>
        <PackageName Value="LazControls"/>
      </Item6>
      <Item7>
        <PackageName Value="FCL"/>
      </Item7>
      <Item8>
        <PackageName Value="LCL"/>
      </Item8>
      <Item9>
        <PackageName Value="lnetbase"/>
      </Item9>
      <Item10>
        <PackageName Value="lnetvisual"/>
        <MinVersion Minor="4" Release="1" Valid="True"/>
      </Item10>
    </RequiredPackages>
    <Units Count="8">
      <Unit0>
        <Filename Value="yadd2map.lpr"/>
        <IsPartOfProject Value="True"/>
      </Unit0>
      <Unit1>
        <Filename Value="main.pas"/>
        <IsPartOfProject Value="True"/>
        <ComponentName Value="FormMain"/>
        <HasResources Value="True"/>
        <ResourceBaseClass Value="Form"/>
      </Unit1>
      <Unit2>
        <Filename Value="geojson.pas"/>
        <IsPartOfProject Value="True"/>
      </Unit2>
      <Unit3>
        <Filename Value="rxposition.pas"/>
        <IsPartOfProject Value="True"/>
        <ComponentName Value="FRxPosition"/>
        <HasResources Value="True"/>
        <ResourceBaseClass Value="Form"/>
      </Unit3>
      <Unit4>
        <Filename Value="brookthread.pas"/>
        <IsPartOfProject Value="True"/>
        <UnitName Value="BrookThread"/>
      </Unit4>
      <Unit5>
        <Filename Value="actions/actionmap.pas"/>
        <IsPartOfProject Value="True"/>
        <UnitName Value="ActionMap"/>
      </Unit5>
      <Unit6>
        <Filename Value="aprsfi.pas"/>
        <IsPartOfProject Value="True"/>
        <ComponentName Value="FAprsfi"/>
        <HasResources Value="True"/>
        <ResourceBaseClass Value="Form"/>
      </Unit6>
      <Unit7>
        <Filename Value="about.pas"/>
        <IsPartOfProject Value="True"/>
        <ComponentName Value="FAbout"/>
        <HasResources Value="True"/>
        <ResourceBaseClass Value="Form"/>
      </Unit7>
    </Units>
  </ProjectOptions>
  <CompilerOptions>
    <Version Value="11"/>
    <SearchPaths>
      <OtherUnitFiles Value="actions"/>
      <SrcPath Value="$(LazarusDir)/lcl;$(LazarusDir)/lcl/interfaces/$(LCLWidgetType)"/>
    </SearchPaths>
    <Parsing>
      <SyntaxOptions>
        <IncludeAssertionCode Value="True"/>
        <UseAnsiStrings Value="False"/>
      </SyntaxOptions>
    </Parsing>
    <CodeGeneration>
      <Checks>
        <IOChecks Value="True"/>
        <RangeChecks Value="True"/>
        <OverflowChecks Value="True"/>
        <StackChecks Value="True"/>
      </Checks>
      <VerifyObjMethodCallValidity Value="True"/>
    </CodeGeneration>
    <Linking>
      <Debugging>
        <DebugInfoType Value="dsDwarf2Set"/>
        <UseHeaptrc Value="True"/>
        <TrashVariables Value="True"/>
        <StripSymbols Value="True"/>
        <UseExternalDbgSyms Value="True"/>
      </Debugging>
      <Options>
        <Win32>
          <GraphicApplication Value="True"/>
        </Win32>
      </Options>
    </Linking>
  </CompilerOptions>
  <Debugging>
    <Exceptions Count="2">
      <Item1>
        <Name Value="EInternetException"/>
      </Item1>
      <Item2>
        <Name Value="Exception"/>
      </Item2>
    </Exceptions>
  </Debugging>
</CONFIG>
